
Microsoft Visual Studio Solution File, Format Version 12.00
# Visual Studio Version 16
VisualStudioVersion = 16.0.29409.12
MinimumVisualStudioVersion = 10.0.40219.1
Project("{8BC9CEB8-8B4A-11D0-8D11-00A0C91BC942}") = "Project2_oop", "Project2_oop\Project2_oop.vcxproj", "{43F115E6-CD35-4A35-9743-7FFB3DBB46D7}"
EndProject
Global
	GlobalSection(SolutionConfigurationPlatforms) = preSolution
		Debug|x64 = Debug|x64
		Debug|x86 = Debug|x86
		Release|x64 = Release|x64
		Release|x86 = Release|x86
	EndGlobalSection
	GlobalSection(ProjectConfigurationPlatforms) = postSolution
		{43F115E6-CD35-4A35-9743-7FFB3DBB46D7}.Debug|x64.ActiveCfg = Debug|x64
		{43F115E6-CD35-4A35-9743-7FFB3DBB46D7}.Debug|x64.Build.0 = Debug|x64
		{43F115E6-CD35-4A35-9743-7FFB3DBB46D7}.Debug|x86.ActiveCfg = Debug|Win32
		{43F115E6-CD35-4A35-9743-7FFB3DBB46D7}.Debug|x86.Build.0 = Debug|Win32
		{43F115E6-CD35-4A35-9743-7FFB3DBB46D7}.Release|x64.ActiveCfg = Release|x64
		{43F115E6-CD35-4A35-9743-7FFB3DBB46D7}.Release|x64.Build.0 = Release|x64
		{43F115E6-CD35-4A35-9743-7FFB3DBB46D7}.Release|x86.ActiveCfg = Release|Win32
		{43F115E6-CD35-4A35-9743-7FFB3DBB46D7}.Release|x86.Build.0 = Release|Win32
	EndGlobalSection
	GlobalSection(SolutionProperties) = preSolution
		HideSolutionNode = FALSE
	EndGlobalSection
	GlobalSection(ExtensibilityGlobals) = postSolution
		SolutionGuid = {BED2FBFA-3B11-4653-9996-C7C70B041988}
	EndGlobalSection
EndGlobal
